# THIS IS AN AUTOGENERATED FILE. DO NOT EDIT THIS FILE DIRECTLY.
# yarn lockfile v1


"@easymoney/core@^1.0.0":
  version "1.0.0"
  resolved "https://registry.yarnpkg.com/@easymoney/core/-/core-1.0.0.tgz#fa7a0c5d11ac64c3af275b03c4e285489b70702f"
  integrity sha512-hIPyYmRpupssyrSrVO3/kU6iu40F/kLyoC4aFBitgF0klvHU2mBih4fXnwyIkcfMVmcsullvBjmSdXild3HLQQ==

"@someinterestingtestnamesorrynpmforthisasdsadasdasdasd/packageone@0.0.1-rc.0":
  version "0.0.1-rc.0"
  resolved "https://registry.yarnpkg.com/@someinterestingtestnamesorrynpmforthisasdsadasdasdasd/packageone/-/packageone-0.0.1-rc.0.tgz#7ffecb9d679e00958d16b27e269cc9fabc1ff335"
  integrity sha512-V3vcum2TjR3UPybW+UuTYGBcxXRy2lYtEQIoMuCkQBzkJSITkBicDYcnZcn/C7Rnf0T2MvlDgo0RsZq60q2OSQ==
  dependencies:
    "@easymoney/core" "^1.0.0"

"@someinterestingtestnamesorrynpmforthisasdsadasdasdasd/packgetwo@0.0.2-rc.0":
  version "0.0.2-rc.0"
  resolved "https://registry.yarnpkg.com/@someinterestingtestnamesorrynpmforthisasdsadasdasdasd/packgetwo/-/packgetwo-0.0.2-rc.0.tgz#9f5460dd489a3f871ffdec906501f5d6cf478dee"
  integrity sha512-O6fvLAbtNCJI+6sLjmJrUnXNK9M7CwoLZtrpCiLnES/yVgahhbkhnKybaB5lvIBrlhtep4G/Yk6YIKxeH30R/w==
  dependencies:
    "@easymoney/core" "^1.0.0"
